// !$*UTF8*$!
{
	archiveVersion = 1;
	classes = {
	};
	objectVersion = 50;
	objects = {

/* Begin PBXBuildFile section */
		9505207020BCA2200071FD66 /* AppDelegate.swift in Sources */ = {isa = PBXBuildFile; fileRef = 9505206F20BCA2200071FD66 /* AppDelegate.swift */; };
		9505207220BCA2200071FD66 /* ViewController.swift in Sources */ = {isa = PBXBuildFile; fileRef = 9505207120BCA2200071FD66 /* ViewController.swift */; };
		9505207520BCA2200071FD66 /* Main.storyboard in Resources */ = {isa = PBXBuildFile; fileRef = 9505207320BCA2200071FD66 /* Main.storyboard */; };
		9505207720BCA2210071FD66 /* Assets.xcassets in Resources */ = {isa = PBXBuildFile; fileRef = 9505207620BCA2210071FD66 /* Assets.xcassets */; };
		9505207A20BCA2210071FD66 /* LaunchScreen.storyboard in Resources */ = {isa = PBXBuildFile; fileRef = 9505207820BCA2210071FD66 /* LaunchScreen.storyboard */; };
		9505208520BCA2210071FD66 /* DestroyTheWorldTests.swift in Sources */ = {isa = PBXBuildFile; fileRef = 9505208420BCA2210071FD66 /* DestroyTheWorldTests.swift */; };
		9505209020BCA2210071FD66 /* DestroyTheWorldUITests.swift in Sources */ = {isa = PBXBuildFile; fileRef = 9505208F20BCA2210071FD66 /* DestroyTheWorldUITests.swift */; };
/* End PBXBuildFile section */

/* Begin PBXContainerItemProxy section */
		9505208120BCA2210071FD66 /* PBXContainerItemProxy */ = {
			isa = PBXContainerItemProxy;
			containerPortal = 9505206420BCA2200071FD66 /* Project object */;
			proxyType = 1;
			remoteGlobalIDString = 9505206B20BCA2200071FD66;
			remoteInfo = DestroyTheWorld;
		};
		9505208C20BCA2210071FD66 /* PBXContainerItemProxy */ = {
			isa = PBXContainerItemProxy;
			containerPortal = 9505206420BCA2200071FD66 /* Project object */;
			proxyType = 1;
			remoteGlobalIDString = 9505206B20BCA2200071FD66;
			remoteInfo = DestroyTheWorld;
		};
/* End PBXContainerItemProxy section */

/* Begin PBXFileReference section */
		9505206C20BCA2200071FD66 /* DestroyTheWorld.app */ = {isa = PBXFileReference; explicitFileType = wrapper.application; includeInIndex = 0; path = DestroyTheWorld.app; sourceTree = BUILT_PRODUCTS_DIR; };
		9505206F20BCA2200071FD66 /* AppDelegate.swift */ = {isa = PBXFileReference; lastKnownFileType = sourcecode.swift; path = AppDelegate.swift; sourceTree = "<group>"; };
		9505207120BCA2200071FD66 /* ViewController.swift */ = {isa = PBXFileReference; lastKnownFileType = sourcecode.swift; path = ViewController.swift; sourceTree = "<group>"; };
		9505207420BCA2200071FD66 /* Base */ = {isa = PBXFileReference; lastKnownFileType = file.storyboard; name = Base; path = Base.lproj/Main.storyboard; sourceTree = "<group>"; };
		9505207620BCA2210071FD66 /* Assets.xcassets */ = {isa = PBXFileReference; lastKnownFileType = folder.assetcatalog; path = Assets.xcassets; sourceTree = "<group>"; };
		9505207920BCA2210071FD66 /* Base */ = {isa = PBXFileReference; lastKnownFileType = file.storyboard; name = Base; path = Base.lproj/LaunchScreen.storyboard; sourceTree = "<group>"; };
		9505207B20BCA2210071FD66 /* Info.plist */ = {isa = PBXFileReference; lastKnownFileType = text.plist.xml; path = Info.plist; sourceTree = "<group>"; };
		9505208020BCA2210071FD66 /* DestroyTheWorldTests.xctest */ = {isa = PBXFileReference; explicitFileType = wrapper.cfbundle; includeInIndex = 0; path = DestroyTheWorldTests.xctest; sourceTree = BUILT_PRODUCTS_DIR; };
		9505208420BCA2210071FD66 /* DestroyTheWorldTests.swift */ = {isa = PBXFileReference; lastKnownFileType = sourcecode.swift; path = DestroyTheWorldTests.swift; sourceTree = "<group>"; };
		9505208620BCA2210071FD66 /* Info.plist */ = {isa = PBXFileReference; lastKnownFileType = text.plist.xml; path = Info.plist; sourceTree = "<group>"; };
		9505208B20BCA2210071FD66 /* DestroyTheWorldUITests.xctest */ = {isa = PBXFileReference; explicitFileType = wrapper.cfbundle; includeInIndex = 0; path = DestroyTheWorldUITests.xctest; sourceTree = BUILT_PRODUCTS_DIR; };
		9505208F20BCA2210071FD66 /* DestroyTheWorldUITests.swift */ = {isa = PBXFileReference; lastKnownFileType = sourcecode.swift; path = DestroyTheWorldUITests.swift; sourceTree = "<group>"; };
		9505209120BCA2210071FD66 /* Info.plist */ = {isa = PBXFileReference; lastKnownFileType = text.plist.xml; path = Info.plist; sourceTree = "<group>"; };
/* End PBXFileReference section */

/* Begin PBXFrameworksBuildPhase section */
		9505206920BCA2200071FD66 /* Frameworks */ = {
			isa = PBXFrameworksBuildPhase;
			buildActionMask = 2147483647;
			files = (
			);
			runOnlyForDeploymentPostprocessing = 0;
		};
		9505207D20BCA2210071FD66 /* Frameworks */ = {
			isa = PBXFrameworksBuildPhase;
			buildActionMask = 2147483647;
			files = (
			);
			runOnlyForDeploymentPostprocessing = 0;
		};
		9505208820BCA2210071FD66 /* Frameworks */ = {
			isa = PBXFrameworksBuildPhase;
			buildActionMask = 2147483647;
			files = (
			);
			runOnlyForDeploymentPostprocessing = 0;
		};
/* End PBXFrameworksBuildPhase section */

/* Begin PBXGroup section */
		9505206320BCA2200071FD66 = {
			isa = PBXGroup;
			children = (
				9505206E20BCA2200071FD66 /* DestroyTheWorld */,
				9505208320BCA2210071FD66 /* DestroyTheWorldTests */,
				9505208E20BCA2210071FD66 /* DestroyTheWorldUITests */,
				9505206D20BCA2200071FD66 /* Products */,
			);
			sourceTree = "<group>";
		};
		9505206D20BCA2200071FD66 /* Products */ = {
			isa = PBXGroup;
			children = (
				9505206C20BCA2200071FD66 /* DestroyTheWorld.app */,
				9505208020BCA2210071FD66 /* DestroyTheWorldTests.xctest */,
				9505208B20BCA2210071FD66 /* DestroyTheWorldUITests.xctest */,
			);
			name = Products;
			sourceTree = "<group>";
		};
		9505206E20BCA2200071FD66 /* DestroyTheWorld */ = {
			isa = PBXGroup;
			children = (
				9505206F20BCA2200071FD66 /* AppDelegate.swift */,
				9505207120BCA2200071FD66 /* ViewController.swift */,
				9505207320BCA2200071FD66 /* Main.storyboard */,
				9505207620BCA2210071FD66 /* Assets.xcassets */,
				9505207820BCA2210071FD66 /* LaunchScreen.storyboard */,
				9505207B20BCA2210071FD66 /* Info.plist */,
			);
			path = DestroyTheWorld;
			sourceTree = "<group>";
		};
		9505208320BCA2210071FD66 /* DestroyTheWorldTests */ = {
			isa = PBXGroup;
			children = (
				9505208420BCA2210071FD66 /* DestroyTheWorldTests.swift */,
				9505208620BCA2210071FD66 /* Info.plist */,
			);
			path = DestroyTheWorldTests;
			sourceTree = "<group>";
		};
		9505208E20BCA2210071FD66 /* DestroyTheWorldUITests */ = {
			isa = PBXGroup;
			children = (
				9505208F20BCA2210071FD66 /* DestroyTheWorldUITests.swift */,
				9505209120BCA2210071FD66 /* Info.plist */,
			);
			path = DestroyTheWorldUITests;
			sourceTree = "<group>";
		};
/* End PBXGroup section */

/* Begin PBXNativeTarget section */
		9505206B20BCA2200071FD66 /* DestroyTheWorld */ = {
			isa = PBXNativeTarget;
			buildConfigurationList = 9505209420BCA2210071FD66 /* Build configuration list for PBXNativeTarget "DestroyTheWorld" */;
			buildPhases = (
				9505206820BCA2200071FD66 /* Sources */,
				9505206920BCA2200071FD66 /* Frameworks */,
				9505206A20BCA2200071FD66 /* Resources */,
			);
			buildRules = (
			);
			dependencies = (
			);
			name = DestroyTheWorld;
			productName = DestroyTheWorld;
			productReference = 9505206C20BCA2200071FD66 /* DestroyTheWorld.app */;
			productType = "com.apple.product-type.application";
		};
		9505207F20BCA2210071FD66 /* DestroyTheWorldTests */ = {
			isa = PBXNativeTarget;
			buildConfigurationList = 9505209720BCA2210071FD66 /* Build configuration list for PBXNativeTarget "DestroyTheWorldTests" */;
			buildPhases = (
				9505207C20BCA2210071FD66 /* Sources */,
				9505207D20BCA2210071FD66 /* Frameworks */,
				9505207E20BCA2210071FD66 /* Resources */,
			);
			buildRules = (
			);
			dependencies = (
				9505208220BCA2210071FD66 /* PBXTargetDependency */,
			);
			name = DestroyTheWorldTests;
			productName = DestroyTheWorldTests;
			productReference = 9505208020BCA2210071FD66 /* DestroyTheWorldTests.xctest */;
			productType = "com.apple.product-type.bundle.unit-test";
		};
		9505208A20BCA2210071FD66 /* DestroyTheWorldUITests */ = {
			isa = PBXNativeTarget;
			buildConfigurationList = 9505209A20BCA2210071FD66 /* Build configuration list for PBXNativeTarget "DestroyTheWorldUITests" */;
			buildPhases = (
				9505208720BCA2210071FD66 /* Sources */,
				9505208820BCA2210071FD66 /* Frameworks */,
				9505208920BCA2210071FD66 /* Resources */,
			);
			buildRules = (
			);
			dependencies = (
				9505208D20BCA2210071FD66 /* PBXTargetDependency */,
			);
			name = DestroyTheWorldUITests;
			productName = DestroyTheWorldUITests;
			productReference = 9505208B20BCA2210071FD66 /* DestroyTheWorldUITests.xctest */;
			productType = "com.apple.product-type.bundle.ui-testing";
		};
/* End PBXNativeTarget section */

/* Begin PBXProject section */
		9505206420BCA2200071FD66 /* Project object */ = {
			isa = PBXProject;
			attributes = {
				LastSwiftUpdateCheck = 0930;
				LastUpgradeCheck = 0930;
				ORGANIZATIONNAME = Appcoda;
				TargetAttributes = {
					9505206B20BCA2200071FD66 = {
						CreatedOnToolsVersion = 9.3.1;
					};
					9505207F20BCA2210071FD66 = {
						CreatedOnToolsVersion = 9.3.1;
						TestTargetID = 9505206B20BCA2200071FD66;
					};
					9505208A20BCA2210071FD66 = {
						CreatedOnToolsVersion = 9.3.1;
						TestTargetID = 9505206B20BCA2200071FD66;
					};
				};
			};
			buildConfigurationList = 9505206720BCA2200071FD66 /* Build configuration list for PBXProject "DestroyTheWorld" */;
			compatibilityVersion = "Xcode 9.3";
			developmentRegion = en;
			hasScannedForEncodings = 0;
			knownRegions = (
				en,
				Base,
			);
			mainGroup = 9505206320BCA2200071FD66;
			productRefGroup = 9505206D20BCA2200071FD66 /* Products */;
			projectDirPath = "";
			projectRoot = "";
			targets = (
				9505206B20BCA2200071FD66 /* DestroyTheWorld */,
				9505207F20BCA2210071FD66 /* DestroyTheWorldTests */,
				9505208A20BCA2210071FD66 /* DestroyTheWorldUITests */,
			);
		};
/* End PBXProject section */

/* Begin PBXResourcesBuildPhase section */
		9505206A20BCA2200071FD66 /* Resources */ = {
			isa = PBXResourcesBuildPhase;
			buildActionMask = 2147483647;
			files = (
				9505207A20BCA2210071FD66 /* LaunchScreen.storyboard in Resources */,
				9505207720BCA2210071FD66 /* Assets.xcassets in Resources */,
				9505207520BCA2200071FD66 /* Main.storyboard in Resources */,
			);
			runOnlyForDeploymentPostprocessing = 0;
		};
		9505207E20BCA2210071FD66 /* Resources */ = {
			isa = PBXResourcesBuildPhase;
			buildActionMask = 2147483647;
			files = (
			);
			runOnlyForDeploymentPostprocessing = 0;
		};
		9505208920BCA2210071FD66 /* Resources */ = {
			isa = PBXResourcesBuildPhase;
			buildActionMask = 2147483647;
			files = (
			);
			runOnlyForDeploymentPostprocessing = 0;
		};
/* End PBXResourcesBuildPhase section */

/* Begin PBXSourcesBuildPhase section */
		9505206820BCA2200071FD66 /* Sources */ = {
			isa = PBXSourcesBuildPhase;
			buildActionMask = 2147483647;
			files = (
				9505207220BCA2200071FD66 /* ViewController.swift in Sources */,
				9505207020BCA2200071FD66 /* AppDelegate.swift in Sources */,
			);
			runOnlyForDeploymentPostprocessing = 0;
		};
		9505207C20BCA2210071FD66 /* Sources */ = {
			isa = PBXSourcesBuildPhase;
			buildActionMask = 2147483647;
			files = (
				9505208520BCA2210071FD66 /* DestroyTheWorldTests.swift in Sources */,
			);
			runOnlyForDeploymentPostprocessing = 0;
		};
		9505208720BCA2210071FD66 /* Sources */ = {
			isa = PBXSourcesBuildPhase;
			buildActionMask = 2147483647;
			files = (
				9505209020BCA2210071FD66 /* DestroyTheWorldUITests.swift in Sources */,
			);
			runOnlyForDeploymentPostprocessing = 0;
		};
/* End PBXSourcesBuildPhase section */

/* Begin PBXTargetDependency section */
		9505208220BCA2210071FD66 /* PBXTargetDependency */ = {
			isa = PBXTargetDependency;
			target = 9505206B20BCA2200071FD66 /* DestroyTheWorld */;
			targetProxy = 9505208120BCA2210071FD66 /* PBXContainerItemProxy */;
		};
		9505208D20BCA2210071FD66 /* PBXTargetDependency */ = {
			isa = PBXTargetDependency;
			target = 9505206B20BCA2200071FD66 /* DestroyTheWorld */;
			targetProxy = 9505208C20BCA2210071FD66 /* PBXContainerItemProxy */;
		};
/* End PBXTargetDependency section */

/* Begin PBXVariantGroup section */
		9505207320BCA2200071FD66 /* Main.storyboard */ = {
			isa = PBXVariantGroup;
			children = (
				9505207420BCA2200071FD66 /* Base */,
			);
			name = Main.storyboard;
			sourceTree = "<group>";
		};
		9505207820BCA2210071FD66 /* LaunchScreen.storyboard */ = {
			isa = PBXVariantGroup;
			children = (
				9505207920BCA2210071FD66 /* Base */,
			);
			name = LaunchScreen.storyboard;
			sourceTree = "<group>";
		};
/* End PBXVariantGroup section */

/* Begin XCBuildConfiguration section */
		9505209220BCA2210071FD66 /* Debug */ = {
			isa = XCBuildConfiguration;
			buildSettings = {
				ALWAYS_SEARCH_USER_PATHS = NO;
				CLANG_ANALYZER_NONNULL = YES;
				CLANG_ANALYZER_NUMBER_OBJECT_CONVERSION = YES_AGGRESSIVE;
				CLANG_CXX_LANGUAGE_STANDARD = "gnu++14";
				CLANG_CXX_LIBRARY = "libc++";
				CLANG_ENABLE_MODULES = YES;
				CLANG_ENABLE_OBJC_ARC = YES;
				CLANG_ENABLE_OBJC_WEAK = YES;
				CLANG_WARN_BLOCK_CAPTURE_AUTORELEASING = YES;
				CLANG_WARN_BOOL_CONVERSION = YES;
				CLANG_WARN_COMMA = YES;
				CLANG_WARN_CONSTANT_CONVERSION = YES;
				CLANG_WARN_DEPRECATED_OBJC_IMPLEMENTATIONS = YES;
				CLANG_WARN_DIRECT_OBJC_ISA_USAGE = YES_ERROR;
				CLANG_WARN_DOCUMENTATION_COMMENTS = YES;
				CLANG_WARN_EMPTY_BODY = YES;
				CLANG_WARN_ENUM_CONVERSION = YES;
				CLANG_WARN_INFINITE_RECURSION = YES;
				CLANG_WARN_INT_CONVERSION = YES;
				CLANG_WARN_NON_LITERAL_NULL_CONVERSION = YES;
				CLANG_WARN_OBJC_IMPLICIT_RETAIN_SELF = YES;
				CLANG_WARN_OBJC_LITERAL_CONVERSION = YES;
				CLANG_WARN_OBJC_ROOT_CLASS = YES_ERROR;
				CLANG_WARN_RANGE_LOOP_ANALYSIS = YES;
				CLANG_WARN_STRICT_PROTOTYPES = YES;
				CLANG_WARN_SUSPICIOUS_MOVE = YES;
				CLANG_WARN_UNGUARDED_AVAILABILITY = YES_AGGRESSIVE;
				CLANG_WARN_UNREACHABLE_CODE = YES;
				CLANG_WARN__DUPLICATE_METHOD_MATCH = YES;
				CODE_SIGN_IDENTITY = "iPhone Developer";
				COPY_PHASE_STRIP = NO;
				DEBUG_INFORMATION_FORMAT = dwarf;
				ENABLE_STRICT_OBJC_MSGSEND = YES;
				ENABLE_TESTABILITY = YES;
				GCC_C_LANGUAGE_STANDARD = gnu11;
				GCC_DYNAMIC_NO_PIC = NO;
				GCC_NO_COMMON_BLOCKS = YES;
				GCC_OPTIMIZATION_LEVEL = 0;
				GCC_PREPROCESSOR_DEFINITIONS = (
					"DEBUG=1",
					"$(inherited)",
				);
				GCC_WARN_64_TO_32_BIT_CONVERSION = YES;
				GCC_WARN_ABOUT_RETURN_TYPE = YES_ERROR;
				GCC_WARN_UNDECLARED_SELECTOR = YES;
				GCC_WARN_UNINITIALIZED_AUTOS = YES_AGGRESSIVE;
				GCC_WARN_UNUSED_FUNCTION = YES;
				GCC_WARN_UNUSED_VARIABLE = YES;
				IPHONEOS_DEPLOYMENT_TARGET = 11.3;
				MTL_ENABLE_DEBUG_INFO = YES;
				ONLY_ACTIVE_ARCH = YES;
				SDKROOT = iphoneos;
				SWIFT_ACTIVE_COMPILATION_CONDITIONS = DEBUG;
				SWIFT_OPTIMIZATION_LEVEL = "-Onone";
			};
			name = Debug;
		};
		9505209320BCA2210071FD66 /* Release */ = {
			isa = XCBuildConfiguration;
			buildSettings = {
				ALWAYS_SEARCH_USER_PATHS = NO;
				CLANG_ANALYZER_NONNULL = YES;
				CLANG_ANALYZER_NUMBER_OBJECT_CONVERSION = YES_AGGRESSIVE;
				CLANG_CXX_LANGUAGE_STANDARD = "gnu++14";
				CLANG_CXX_LIBRARY = "libc++";
				CLANG_ENABLE_MODULES = YES;
				CLANG_ENABLE_OBJC_ARC = YES;
				CLANG_ENABLE_OBJC_WEAK = YES;
				CLANG_WARN_BLOCK_CAPTURE_AUTORELEASING = YES;
				CLANG_WARN_BOOL_CONVERSION = YES;
				CLANG_WARN_COMMA = YES;
				CLANG_WARN_CONSTANT_CONVERSION = YES;
				CLANG_WARN_DEPRECATED_OBJC_IMPLEMENTATIONS = YES;
				CLANG_WARN_DIRECT_OBJC_ISA_USAGE = YES_ERROR;
				CLANG_WARN_DOCUMENTATION_COMMENTS = YES;
				CLANG_WARN_EMPTY_BODY = YES;
				CLANG_WARN_ENUM_CONVERSION = YES;
				CLANG_WARN_INFINITE_RECURSION = YES;
				CLANG_WARN_INT_CONVERSION = YES;
				CLANG_WARN_NON_LITERAL_NULL_CONVERSION = YES;
				CLANG_WARN_OBJC_IMPLICIT_RETAIN_SELF = YES;
				CLANG_WARN_OBJC_LITERAL_CONVERSION = YES;
				CLANG_WARN_OBJC_ROOT_CLASS = YES_ERROR;
				CLANG_WARN_RANGE_LOOP_ANALYSIS = YES;
				CLANG_WARN_STRICT_PROTOTYPES = YES;
				CLANG_WARN_SUSPICIOUS_MOVE = YES;
				CLANG_WARN_UNGUARDED_AVAILABILITY = YES_AGGRESSIVE;
				CLANG_WARN_UNREACHABLE_CODE = YES;
				CLANG_WARN__DUPLICATE_METHOD_MATCH = YES;
				CODE_SIGN_IDENTITY = "iPhone Developer";
				COPY_PHASE_STRIP = NO;
				DEBUG_INFORMATION_FORMAT = "dwarf-with-dsym";
				ENABLE_NS_ASSERTIONS = NO;
				ENABLE_STRICT_OBJC_MSGSEND = YES;
				GCC_C_LANGUAGE_STANDARD = gnu11;
				GCC_NO_COMMON_BLOCKS = YES;
				GCC_WARN_64_TO_32_BIT_CONVERSION = YES;
				GCC_WARN_ABOUT_RETURN_TYPE = YES_ERROR;
				GCC_WARN_UNDECLARED_SELECTOR = YES;
				GCC_WARN_UNINITIALIZED_AUTOS = YES_AGGRESSIVE;
				GCC_WARN_UNUSED_FUNCTION = YES;
				GCC_WARN_UNUSED_VARIABLE = YES;
				IPHONEOS_DEPLOYMENT_TARGET = 11.3;
				MTL_ENABLE_DEBUG_INFO = NO;
				SDKROOT = iphoneos;
				SWIFT_COMPILATION_MODE = wholemodule;
				SWIFT_OPTIMIZATION_LEVEL = "-O";
				VALIDATE_PRODUCT = YES;
			};
			name = Release;
		};
		9505209520BCA2210071FD66 /* Debug */ = {
			isa = XCBuildConfiguration;
			buildSettings = {
				ASSETCATALOG_COMPILER_APPICON_NAME = AppIcon;
				CODE_SIGN_STYLE = Automatic;
				INFOPLIST_FILE = DestroyTheWorld/Info.plist;
				LD_RUNPATH_SEARCH_PATHS = (
					"$(inherited)",
					"@executable_path/Frameworks",
				);
				PRODUCT_BUNDLE_IDENTIFIER = com.appcoda.DestroyTheWorld;
				PRODUCT_NAME = "$(TARGET_NAME)";
				SWIFT_VERSION = 4.0;
				TARGETED_DEVICE_FAMILY = "1,2";
			};
			name = Debug;
		};
		9505209620BCA2210071FD66 /* Release */ = {
			isa = XCBuildConfiguration;
			buildSettings = {
				ASSETCATALOG_COMPILER_APPICON_NAME = AppIcon;
				CODE_SIGN_STYLE = Automatic;
				INFOPLIST_FILE = DestroyTheWorld/Info.plist;
				LD_RUNPATH_SEARCH_PATHS = (
					"$(inherited)",
					"@executable_path/Frameworks",
				);
				PRODUCT_BUNDLE_IDENTIFIER = com.appcoda.DestroyTheWorld;
				PRODUCT_NAME = "$(TARGET_NAME)";
				SWIFT_VERSION = 4.0;
				TARGETED_DEVICE_FAMILY = "1,2";
			};
			name = Release;
		};
		9505209820BCA2210071FD66 /* Debug */ = {
			isa = XCBuildConfiguration;
			buildSettings = {
				ALWAYS_EMBED_SWIFT_STANDARD_LIBRARIES = YES;
				BUNDLE_LOADER = "$(TEST_HOST)";
				CODE_SIGN_STYLE = Automatic;
				INFOPLIST_FILE = DestroyTheWorldTests/Info.plist;
				LD_RUNPATH_SEARCH_PATHS = (
					"$(inherited)",
					"@executable_path/Frameworks",
					"@loader_path/Frameworks",
				);
				PRODUCT_BUNDLE_IDENTIFIER = com.appcoda.DestroyTheWorldTests;
				PRODUCT_NAME = "$(TARGET_NAME)";
				SWIFT_VERSION = 4.0;
				TARGETED_DEVICE_FAMILY = "1,2";
				TEST_HOST = "$(BUILT_PRODUCTS_DIR)/DestroyTheWorld.app/DestroyTheWorld";
			};
			name = Debug;
		};
		9505209920BCA2210071FD66 /* Release */ = {
			isa = XCBuildConfiguration;
			buildSettings = {
				ALWAYS_EMBED_SWIFT_STANDARD_LIBRARIES = YES;
				BUNDLE_LOADER = "$(TEST_HOST)";
				CODE_SIGN_STYLE = Automatic;
				INFOPLIST_FILE = DestroyTheWorldTests/Info.plist;
				LD_RUNPATH_SEARCH_PATHS = (
					"$(inherited)",
					"@executable_path/Frameworks",
					"@loader_path/Frameworks",
				);
				PRODUCT_BUNDLE_IDENTIFIER = com.appcoda.DestroyTheWorldTests;
				PRODUCT_NAME = "$(TARGET_NAME)";
				SWIFT_VERSION = 4.0;
				TARGETED_DEVICE_FAMILY = "1,2";
				TEST_HOST = "$(BUILT_PRODUCTS_DIR)/DestroyTheWorld.app/DestroyTheWorld";
			};
			name = Release;
		};
		9505209B20BCA2210071FD66 /* Debug */ = {
			isa = XCBuildConfiguration;
			buildSettings = {
				ALWAYS_EMBED_SWIFT_STANDARD_LIBRARIES = YES;
				CODE_SIGN_STYLE = Automatic;
				INFOPLIST_FILE = DestroyTheWorldUITests/Info.plist;
				LD_RUNPATH_SEARCH_PATHS = (
					"$(inherited)",
					"@executable_path/Frameworks",
					"@loader_path/Frameworks",
				);
				PRODUCT_BUNDLE_IDENTIFIER = com.appcoda.DestroyTheWorldUITests;
				PRODUCT_NAME = "$(TARGET_NAME)";
				SWIFT_VERSION = 4.0;
				TARGETED_DEVICE_FAMILY = "1,2";
				TEST_TARGET_NAME = DestroyTheWorld;
			};
			name = Debug;
		};
		9505209C20BCA2210071FD66 /* Release */ = {
			isa = XCBuildConfiguration;
			buildSettings = {
				ALWAYS_EMBED_SWIFT_STANDARD_LIBRARIES = YES;
				CODE_SIGN_STYLE = Automatic;
				INFOPLIST_FILE = DestroyTheWorldUITests/Info.plist;
				LD_RUNPATH_SEARCH_PATHS = (
					"$(inherited)",
					"@executable_path/Frameworks",
					"@loader_path/Frameworks",
				);
				PRODUCT_BUNDLE_IDENTIFIER = com.appcoda.DestroyTheWorldUITests;
				PRODUCT_NAME = "$(TARGET_NAME)";
				SWIFT_VERSION = 4.0;
				TARGETED_DEVICE_FAMILY = "1,2";
				TEST_TARGET_NAME = DestroyTheWorld;
			};
			name = Release;
		};
/* End XCBuildConfiguration section */

/* Begin XCConfigurationList section */
		9505206720BCA2200071FD66 /* Build configuration list for PBXProject "DestroyTheWorld" */ = {
			isa = XCConfigurationList;
			buildConfigurations = (
				9505209220BCA2210071FD66 /* Debug */,
				9505209320BCA2210071FD66 /* Release */,
			);
			defaultConfigurationIsVisible = 0;
			defaultConfigurationName = Release;
		};
		9505209420BCA2210071FD66 /* Build configuration list for PBXNativeTarget "DestroyTheWorld" */ = {
			isa = XCConfigurationList;
			buildConfigurations = (
				9505209520BCA2210071FD66 /* Debug */,
				9505209620BCA2210071FD66 /* Release */,
			);
			defaultConfigurationIsVisible = 0;
			defaultConfigurationName = Release;
		};
		9505209720BCA2210071FD66 /* Build configuration list for PBXNativeTarget "DestroyTheWorldTests" */ = {
			isa = XCConfigurationList;
			buildConfigurations = (
				9505209820BCA2210071FD66 /* Debug */,
				9505209920BCA2210071FD66 /* Release */,
			);
			defaultConfigurationIsVisible = 0;
			defaultConfigurationName = Release;
		};
		9505209A20BCA2210071FD66 /* Build configuration list for PBXNativeTarget "DestroyTheWorldUITests" */ = {
			isa = XCConfigurationList;
			buildConfigurations = (
				9505209B20BCA2210071FD66 /* Debug */,
				9505209C20BCA2210071FD66 /* Release */,
			);
			defaultConfigurationIsVisible = 0;
			defaultConfigurationName = Release;
		};
/* End XCConfigurationList section */
	};
	rootObject = 9505206420BCA2200071FD66 /* Project object */;
}
